<?xml version="1.0" encoding="utf-8"?>
<Project ToolsVersion="4.0" xmlns="http://schemas.microsoft.com/developer/msbuild/2003">
  <ItemGroup>
    <Filter Include="Resource Files">
      <UniqueIdentifier>{67DA6AB6-F800-4c08-8B7A-83BB121AAD01}</UniqueIdentifier>
      <Extensions>rc;ico;cur;bmp;dlg;rc2;rct;bin;rgs;gif;jpg;jpeg;jpe;resx;tiff;tif;png;wav;mfcribbon-ms</Extensions>
    </Filter>
    <Filter Include="UI">
      <UniqueIdentifier>{93995380-89BD-4b04-88EB-625FBE52EBFB}</UniqueIdentifier>
      <Extensions>h;hh;hpp;hxx;hm;inl;inc;xsd</Extensions>
    </Filter>
    <Filter Include="Header Files">
      <UniqueIdentifier>{1cdf8a63-94dc-40b1-8483-ed278ded9a94}</UniqueIdentifier>
    </Filter>
    <Filter Include="UI Source">
      <UniqueIdentifier>{4FC737F1-C7A5-4376-A066-2A32D752A2FF}</UniqueIdentifier>
      <Extensions>cpp;c;cc;cxx;def;odl;idl;hpj;bat;asm;asmx</Extensions>
    </Filter>
    <Filter Include="Source">
      <UniqueIdentifier>{55cc52ac-5e33-4d19-a51b-7c20c6832c78}</UniqueIdentifier>
    </Filter>
    <Filter Include="DAO">
      <UniqueIdentifier>{9960e9b9-c1a1-40fb-ad5f-295d761f7f76}</UniqueIdentifier>
    </Filter>
    <Filter Include="Class Source">
      <UniqueIdentifier>{b51d74e0-0410-4d84-8752-9d99d01723fc}</UniqueIdentifier>
    </Filter>
    <Filter Include="Class">
      <UniqueIdentifier>{0e3e02ff-2464-4a17-8886-6ac82d962c0f}</UniqueIdentifier>
    </Filter>
  </ItemGroup>
  <ItemGroup>
    <ClCompile Include="MyForm.cpp">
      <Filter>UI Source</Filter>
    </ClCompile>
    <ClCompile Include="Janela4.cpp">
      <Filter>UI Source</Filter>
    </ClCompile>
    <ClCompile Include="CaixaDeDialogo.cpp">
      <Filter>UI Source</Filter>
    </ClCompile>
    <ClCompile Include="GerarRelatorio.cpp">
      <Filter>UI Source</Filter>
    </ClCompile>
    <ClCompile Include="MenuPrincipal.cpp">
      <Filter>UI Source</Filter>
    </ClCompile>
    <ClCompile Include="DashboardRegional.cpp">
      <Filter>UI Source</Filter>
    </ClCompile>
    <ClCompile Include="despachante.cpp">
      <Filter>UI Source</Filter>
    </ClCompile>
    <ClCompile Include="PopupRelatorio.cpp">
      <Filter>UI Source</Filter>
    </ClCompile>
    <ClCompile Include="dominio\seguranca\Usuario.cpp">
      <Filter>Source</Filter>
    </ClCompile>
    <ClCompile Include="dominio\seguranca\Perfil.cpp">
      <Filter>Source</Filter>
    </ClCompile>
    <ClCompile Include="dominio\seguranca\Funcionalidade.cpp">
      <Filter>Source</Filter>
    </ClCompile>
    <ClCompile Include="dominio\seguranca\ControllerSeguranca.cpp">
      <Filter>Source</Filter>
    </ClCompile>
    <ClCompile Include="dao\FuncionalidadeDAO.cpp">
      <Filter>DAO</Filter>
    </ClCompile>
    <ClCompile Include="dao\GerenciadorDePerfisDeUsuario.cpp">
      <Filter>DAO</Filter>
    </ClCompile>
    <ClCompile Include="dao\MySQLDAO.cpp">
      <Filter>DAO</Filter>
    </ClCompile>
    <ClCompile Include="dao\PerfilDAO.cpp">
      <Filter>DAO</Filter>
    </ClCompile>
    <ClCompile Include="dao\UsuarioDAO.cpp">
      <Filter>DAO</Filter>
    </ClCompile>
    <ClCompile Include="dados\Buraco.cpp">
      <Filter>Class Source</Filter>
    </ClCompile>
    <ClCompile Include="dados\Controlador.cpp">
      <Filter>Class Source</Filter>
    </ClCompile>
    <ClCompile Include="dados\DAO.cpp">
      <Filter>Class Source</Filter>
    </ClCompile>
    <ClCompile Include="dados\Date.cpp">
      <Filter>Class Source</Filter>
    </ClCompile>
    <ClCompile Include="dados\Equipamento.cpp">
      <Filter>Class Source</Filter>
    </ClCompile>
    <ClCompile Include="dados\Equipe.cpp">
      <Filter>Class Source</Filter>
    </ClCompile>
    <ClCompile Include="dados\Foto.cpp">
      <Filter>Class Source</Filter>
    </ClCompile>
    <ClCompile Include="dados\Material.cpp">
      <Filter>Class Source</Filter>
    </ClCompile>
    <ClCompile Include="dados\Notificacao.cpp">
      <Filter>Class Source</Filter>
    </ClCompile>
    <ClCompile Include="dados\OrdemDeServico.cpp">
      <Filter>Class Source</Filter>
    </ClCompile>
    <ClCompile Include="dados\QuantidadeMaterial.cpp">
      <Filter>Class Source</Filter>
    </ClCompile>
    <ClCompile Include="dados\serviçoDeEmail.cpp">
      <Filter>Class Source</Filter>
    </ClCompile>
    <ClCompile Include="dados\Telas.cpp">
      <Filter>Class Source</Filter>
    </ClCompile>
    <ClCompile Include="dados\Usuario.cpp">
      <Filter>Class Source</Filter>
    </ClCompile>
  </ItemGroup>
  <ItemGroup>
    <ClInclude Include="Janela4.h">
      <Filter>UI</Filter>
    </ClInclude>
    <ClInclude Include="GerarRelatorio.h">
      <Filter>UI</Filter>
    </ClInclude>
    <ClInclude Include="MenuPrincipal.h">
      <Filter>UI</Filter>
    </ClInclude>
    <ClInclude Include="DashboardRegional.h">
      <Filter>UI</Filter>
    </ClInclude>
    <ClInclude Include="despachante.h">
      <Filter>UI</Filter>
    </ClInclude>
    <ClInclude Include="CaixaDeDialogo.h">
      <Filter>UI</Filter>
    </ClInclude>
    <ClInclude Include="PopupRelatorio.h">
      <Filter>UI</Filter>
    </ClInclude>
    <ClInclude Include="dominio\seguranca\Perfil.h">
      <Filter>Header Files</Filter>
    </ClInclude>
    <ClInclude Include="dominio\seguranca\Funcionalidade.h">
      <Filter>Header Files</Filter>
    </ClInclude>
    <ClInclude Include="dominio\seguranca\ControllerSeguranca.h">
      <Filter>Header Files</Filter>
    </ClInclude>
    <ClInclude Include="dominio\seguranca\Usuario.h">
      <Filter>Header Files</Filter>
    </ClInclude>
    <ClInclude Include="dao\FuncionalidadeDAO.h">
      <Filter>DAO</Filter>
    </ClInclude>
    <ClInclude Include="dao\GerenciadorDePerfisDeUsuario.h">
      <Filter>DAO</Filter>
    </ClInclude>
    <ClInclude Include="dao\MySQLDAO.h">
      <Filter>DAO</Filter>
    </ClInclude>
    <ClInclude Include="dao\PerfilDAO.h">
      <Filter>DAO</Filter>
    </ClInclude>
    <ClInclude Include="dao\UsuarioDAO.h">
      <Filter>DAO</Filter>
    </ClInclude>
    <ClInclude Include="Login.h">
      <Filter>UI</Filter>
    </ClInclude>
    <ClInclude Include="dados\Buraco.h">
      <Filter>Class</Filter>
    </ClInclude>
    <ClInclude Include="dados\Controlador.h">
      <Filter>Class</Filter>
    </ClInclude>
    <ClInclude Include="dados\DAO.h">
      <Filter>Class</Filter>
    </ClInclude>
    <ClInclude Include="dados\Date.h">
      <Filter>Class</Filter>
    </ClInclude>
    <ClInclude Include="dados\Equipamento.h">
      <Filter>Class</Filter>
    </ClInclude>
    <ClInclude Include="dados\Equipe.h">
      <Filter>Class</Filter>
    </ClInclude>
    <ClInclude Include="dados\Foto.h">
      <Filter>Class</Filter>
    </ClInclude>
    <ClInclude Include="dados\Material.h">
      <Filter>Class</Filter>
    </ClInclude>
    <ClInclude Include="dados\Notificacao.h">
      <Filter>Class</Filter>
    </ClInclude>
    <ClInclude Include="dados\OrdemDeServico.h">
      <Filter>Class</Filter>
    </ClInclude>
    <ClInclude Include="dados\QuantidadeMaterial.h">
      <Filter>Class</Filter>
    </ClInclude>
    <ClInclude Include="dados\serviçoDeEmail.h">
      <Filter>Class</Filter>
    </ClInclude>
    <ClInclude Include="dados\Telas.h">
      <Filter>Class</Filter>
    </ClInclude>
    <ClInclude Include="dados\Usuario.h">
      <Filter>Class</Filter>
    </ClInclude>
  </ItemGroup>
  <ItemGroup>
    <EmbeddedResource Include="Janela4.resx">
      <Filter>Resource Files</Filter>
    </EmbeddedResource>
    <EmbeddedResource Include="CaixaDeDialogo.resx">
      <Filter>Resource Files</Filter>
    </EmbeddedResource>
    <EmbeddedResource Include="GerarRelatorio.resx">
      <Filter>Resource Files</Filter>
    </EmbeddedResource>
    <EmbeddedResource Include="MenuPrincipal.resx">
      <Filter>Resource Files</Filter>
    </EmbeddedResource>
    <EmbeddedResource Include="DashboardRegional.resx">
      <Filter>Resource Files</Filter>
    </EmbeddedResource>
    <EmbeddedResource Include="despachante.resx">
      <Filter>Resource Files</Filter>
    </EmbeddedResource>
    <EmbeddedResource Include="PopupRelatorio.resx">
      <Filter>Resource Files</Filter>
    </EmbeddedResource>
    <EmbeddedResource Include="Login.resx">
      <Filter>Resource Files</Filter>
    </EmbeddedResource>
  </ItemGroup>
</Project>